// !$*UTF8*$!
{
	archiveVersion = 1;
	classes = {
	};
	objectVersion = 46;
	objects = {

/* Begin PBXBuildFile section */
		80F3375B1EC14F4200986E9A /* AppDelegate.swift in Sources */ = {isa = PBXBuildFile; fileRef = 80F3375A1EC14F4200986E9A /* AppDelegate.swift */; };
		80F3375D1EC14F4200986E9A /* ViewController.swift in Sources */ = {isa = PBXBuildFile; fileRef = 80F3375C1EC14F4200986E9A /* ViewController.swift */; };
		80F337601EC14F4200986E9A /* Main.storyboard in Resources */ = {isa = PBXBuildFile; fileRef = 80F3375E1EC14F4200986E9A /* Main.storyboard */; };
		80F337621EC14F4200986E9A /* Assets.xcassets in Resources */ = {isa = PBXBuildFile; fileRef = 80F337611EC14F4200986E9A /* Assets.xcassets */; };
		80F337651EC14F4200986E9A /* LaunchScreen.storyboard in Resources */ = {isa = PBXBuildFile; fileRef = 80F337631EC14F4200986E9A /* LaunchScreen.storyboard */; };
		80F337911EC1689D00986E9A /* AVFoundation.framework in Frameworks */ = {isa = PBXBuildFile; fileRef = 80F337901EC1689D00986E9A /* AVFoundation.framework */; };
		80F337931EC1ADB900986E9A /* RecorderHelper.swift in Sources */ = {isa = PBXBuildFile; fileRef = 80F337921EC1ADB900986E9A /* RecorderHelper.swift */; };
/* End PBXBuildFile section */

/* Begin PBXFileReference section */
		80F337571EC14F4200986E9A /* Recorder.app */ = {isa = PBXFileReference; explicitFileType = wrapper.application; includeInIndex = 0; path = Recorder.app; sourceTree = BUILT_PRODUCTS_DIR; };
		80F3375A1EC14F4200986E9A /* AppDelegate.swift */ = {isa = PBXFileReference; lastKnownFileType = sourcecode.swift; path = AppDelegate.swift; sourceTree = "<group>"; };
		80F3375C1EC14F4200986E9A /* ViewController.swift */ = {isa = PBXFileReference; lastKnownFileType = sourcecode.swift; path = ViewController.swift; sourceTree = "<group>"; };
		80F3375F1EC14F4200986E9A /* Base */ = {isa = PBXFileReference; lastKnownFileType = file.storyboard; name = Base; path = Base.lproj/Main.storyboard; sourceTree = "<group>"; };
		80F337611EC14F4200986E9A /* Assets.xcassets */ = {isa = PBXFileReference; lastKnownFileType = folder.assetcatalog; path = Assets.xcassets; sourceTree = "<group>"; };
		80F337641EC14F4200986E9A /* Base */ = {isa = PBXFileReference; lastKnownFileType = file.storyboard; name = Base; path = Base.lproj/LaunchScreen.storyboard; sourceTree = "<group>"; };
		80F337661EC14F4200986E9A /* Info.plist */ = {isa = PBXFileReference; lastKnownFileType = text.plist.xml; path = Info.plist; sourceTree = "<group>"; };
		80F337901EC1689D00986E9A /* AVFoundation.framework */ = {isa = PBXFileReference; lastKnownFileType = wrapper.framework; name = AVFoundation.framework; path = System/Library/Frameworks/AVFoundation.framework; sourceTree = SDKROOT; };
		80F337921EC1ADB900986E9A /* RecorderHelper.swift */ = {isa = PBXFileReference; fileEncoding = 4; lastKnownFileType = sourcecode.swift; path = RecorderHelper.swift; sourceTree = "<group>"; };
/* End PBXFileReference section */

/* Begin PBXFrameworksBuildPhase section */
		80F337541EC14F4200986E9A /* Frameworks */ = {
			isa = PBXFrameworksBuildPhase;
			buildActionMask = 2147483647;
			files = (
				80F337911EC1689D00986E9A /* AVFoundation.framework in Frameworks */,
			);
			runOnlyForDeploymentPostprocessing = 0;
		};
/* End PBXFrameworksBuildPhase section */

/* Begin PBXGroup section */
		80F3374E1EC14F4200986E9A = {
			isa = PBXGroup;
			children = (
				80F337591EC14F4200986E9A /* Recorder */,
				80F337581EC14F4200986E9A /* Products */,
				80F3378F1EC1689D00986E9A /* Frameworks */,
			);
			sourceTree = "<group>";
		};
		80F337581EC14F4200986E9A /* Products */ = {
			isa = PBXGroup;
			children = (
				80F337571EC14F4200986E9A /* Recorder.app */,
			);
			name = Products;
			sourceTree = "<group>";
		};
		80F337591EC14F4200986E9A /* Recorder */ = {
			isa = PBXGroup;
			children = (
				80F3375A1EC14F4200986E9A /* AppDelegate.swift */,
				80F3375C1EC14F4200986E9A /* ViewController.swift */,
				80F3375E1EC14F4200986E9A /* Main.storyboard */,
				80F337611EC14F4200986E9A /* Assets.xcassets */,
				80F337631EC14F4200986E9A /* LaunchScreen.storyboard */,
				80F337661EC14F4200986E9A /* Info.plist */,
				80F337921EC1ADB900986E9A /* RecorderHelper.swift */,
			);
			path = Recorder;
			sourceTree = "<group>";
		};
		80F3378F1EC1689D00986E9A /* Frameworks */ = {
			isa = PBXGroup;
			children = (
				80F337901EC1689D00986E9A /* AVFoundation.framework */,
			);
			name = Frameworks;
			sourceTree = "<group>";
		};
/* End PBXGroup section */

/* Begin PBXNativeTarget section */
		80F337561EC14F4200986E9A /* Recorder */ = {
			isa = PBXNativeTarget;
			buildConfigurationList = 80F337691EC14F4200986E9A /* Build configuration list for PBXNativeTarget "Recorder" */;
			buildPhases = (
				80F337531EC14F4200986E9A /* Sources */,
				80F337541EC14F4200986E9A /* Frameworks */,
				80F337551EC14F4200986E9A /* Resources */,
			);
			buildRules = (
			);
			dependencies = (
			);
			name = Recorder;
			productName = Recorder;
			productReference = 80F337571EC14F4200986E9A /* Recorder.app */;
			productType = "com.apple.product-type.application";
		};
/* End PBXNativeTarget section */

/* Begin PBXProject section */
		80F3374F1EC14F4200986E9A /* Project object */ = {
			isa = PBXProject;
			attributes = {
				LastSwiftUpdateCheck = 0830;
				LastUpgradeCheck = 0830;
				ORGANIZATIONNAME = "Rinc Liu";
				TargetAttributes = {
					80F337561EC14F4200986E9A = {
						CreatedOnToolsVersion = 8.3.2;
						DevelopmentTeam = 5TNCWX532Z;
						ProvisioningStyle = Automatic;
					};
				};
			};
			buildConfigurationList = 80F337521EC14F4200986E9A /* Build configuration list for PBXProject "Recorder" */;
			compatibilityVersion = "Xcode 3.2";
			developmentRegion = English;
			hasScannedForEncodings = 0;
			knownRegions = (
				en,
				Base,
			);
			mainGroup = 80F3374E1EC14F4200986E9A;
			productRefGroup = 80F337581EC14F4200986E9A /* Products */;
			projectDirPath = "";
			projectRoot = "";
			targets = (
				80F337561EC14F4200986E9A /* Recorder */,
			);
		};
/* End PBXProject section */

/* Begin PBXResourcesBuildPhase section */
		80F337551EC14F4200986E9A /* Resources */ = {
			isa = PBXResourcesBuildPhase;
			buildActionMask = 2147483647;
			files = (
				80F337651EC14F4200986E9A /* LaunchScreen.storyboard in Resources */,
				80F337621EC14F4200986E9A /* Assets.xcassets in Resources */,
				80F337601EC14F4200986E9A /* Main.storyboard in Resources */,
			);
			runOnlyForDeploymentPostprocessing = 0;
		};
/* End PBXResourcesBuildPhase section */

/* Begin PBXSourcesBuildPhase section */
		80F337531EC14F4200986E9A /* Sources */ = {
			isa = PBXSourcesBuildPhase;
			buildActionMask = 2147483647;
			files = (
				80F337931EC1ADB900986E9A /* RecorderHelper.swift in Sources */,
				80F3375D1EC14F4200986E9A /* ViewController.swift in Sources */,
				80F3375B1EC14F4200986E9A /* AppDelegate.swift in Sources */,
			);
			runOnlyForDeploymentPostprocessing = 0;
		};
/* End PBXSourcesBuildPhase section */

/* Begin PBXVariantGroup section */
		80F3375E1EC14F4200986E9A /* Main.storyboard */ = {
			isa = PBXVariantGroup;
			children = (
				80F3375F1EC14F4200986E9A /* Base */,
			);
			name = Main.storyboard;
			sourceTree = "<group>";
		};
		80F337631EC14F4200986E9A /* LaunchScreen.storyboard */ = {
			isa = PBXVariantGroup;
			children = (
				80F337641EC14F4200986E9A /* Base */,
			);
			name = LaunchScreen.storyboard;
			sourceTree = "<group>";
		};
/* End PBXVariantGroup section */

/* Begin XCBuildConfiguration section */
		80F337671EC14F4200986E9A /* Debug */ = {
			isa = XCBuildConfiguration;
			buildSettings = {
				ALWAYS_SEARCH_USER_PATHS = NO;
				CLANG_ANALYZER_NONNULL = YES;
				CLANG_ANALYZER_NUMBER_OBJECT_CONVERSION = YES_AGGRESSIVE;
				CLANG_CXX_LANGUAGE_STANDARD = "gnu++0x";
				CLANG_CXX_LIBRARY = "libc++";
				CLANG_ENABLE_MODULES = YES;
				CLANG_ENABLE_OBJC_ARC = YES;
				CLANG_WARN_BOOL_CONVERSION = YES;
				CLANG_WARN_CONSTANT_CONVERSION = YES;
				CLANG_WARN_DIRECT_OBJC_ISA_USAGE = YES_ERROR;
				CLANG_WARN_DOCUMENTATION_COMMENTS = YES;
				CLANG_WARN_EMPTY_BODY = YES;
				CLANG_WARN_ENUM_CONVERSION = YES;
				CLANG_WARN_INFINITE_RECURSION = YES;
				CLANG_WARN_INT_CONVERSION = YES;
				CLANG_WARN_OBJC_ROOT_CLASS = YES_ERROR;
				CLANG_WARN_SUSPICIOUS_MOVE = YES;
				CLANG_WARN_UNREACHABLE_CODE = YES;
				CLANG_WARN__DUPLICATE_METHOD_MATCH = YES;
				"CODE_SIGN_IDENTITY[sdk=iphoneos*]" = "iPhone Developer";
				COPY_PHASE_STRIP = NO;
				DEBUG_INFORMATION_FORMAT = dwarf;
				ENABLE_STRICT_OBJC_MSGSEND = YES;
				ENABLE_TESTABILITY = YES;
				GCC_C_LANGUAGE_STANDARD = gnu99;
				GCC_DYNAMIC_NO_PIC = NO;
				GCC_NO_COMMON_BLOCKS = YES;
				GCC_OPTIMIZATION_LEVEL = 0;
				GCC_PREPROCESSOR_DEFINITIONS = (
					"DEBUG=1",
					"$(inherited)",
				);
				GCC_WARN_64_TO_32_BIT_CONVERSION = YES;
				GCC_WARN_ABOUT_RETURN_TYPE = YES_ERROR;
				GCC_WARN_UNDECLARED_SELECTOR = YES;
				GCC_WARN_UNINITIALIZED_AUTOS = YES_AGGRESSIVE;
				GCC_WARN_UNUSED_FUNCTION = YES;
				GCC_WARN_UNUSED_VARIABLE = YES;
				IPHONEOS_DEPLOYMENT_TARGET = 10.3;
				MTL_ENABLE_DEBUG_INFO = YES;
				ONLY_ACTIVE_ARCH = YES;
				SDKROOT = iphoneos;
				SWIFT_ACTIVE_COMPILATION_CONDITIONS = DEBUG;
				SWIFT_OPTIMIZATION_LEVEL = "-Onone";
				TARGETED_DEVICE_FAMILY = "1,2";
			};
			name = Debug;
		};
		80F337681EC14F4200986E9A /* Release */ = {
			isa = XCBuildConfiguration;
			buildSettings = {
				ALWAYS_SEARCH_USER_PATHS = NO;
				CLANG_ANALYZER_NONNULL = YES;
				CLANG_ANALYZER_NUMBER_OBJECT_CONVERSION = YES_AGGRESSIVE;
				CLANG_CXX_LANGUAGE_STANDARD = "gnu++0x";
				CLANG_CXX_LIBRARY = "libc++";
				CLANG_ENABLE_MODULES = YES;
				CLANG_ENABLE_OBJC_ARC = YES;
				CLANG_WARN_BOOL_CONVERSION = YES;
				CLANG_WARN_CONSTANT_CONVERSION = YES;
				CLANG_WARN_DIRECT_OBJC_ISA_USAGE = YES_ERROR;
				CLANG_WARN_DOCUMENTATION_COMMENTS = YES;
				CLANG_WARN_EMPTY_BODY = YES;
				CLANG_WARN_ENUM_CONVERSION = YES;
				CLANG_WARN_INFINITE_RECURSION = YES;
				CLANG_WARN_INT_CONVERSION = YES;
				CLANG_WARN_OBJC_ROOT_CLASS = YES_ERROR;
				CLANG_WARN_SUSPICIOUS_MOVE = YES;
				CLANG_WARN_UNREACHABLE_CODE = YES;
				CLANG_WARN__DUPLICATE_METHOD_MATCH = YES;
				"CODE_SIGN_IDENTITY[sdk=iphoneos*]" = "iPhone Developer";
				COPY_PHASE_STRIP = NO;
				DEBUG_INFORMATION_FORMAT = "dwarf-with-dsym";
				ENABLE_NS_ASSERTIONS = NO;
				ENABLE_STRICT_OBJC_MSGSEND = YES;
				GCC_C_LANGUAGE_STANDARD = gnu99;
				GCC_NO_COMMON_BLOCKS = YES;
				GCC_WARN_64_TO_32_BIT_CONVERSION = YES;
				GCC_WARN_ABOUT_RETURN_TYPE = YES_ERROR;
				GCC_WARN_UNDECLARED_SELECTOR = YES;
				GCC_WARN_UNINITIALIZED_AUTOS = YES_AGGRESSIVE;
				GCC_WARN_UNUSED_FUNCTION = YES;
				GCC_WARN_UNUSED_VARIABLE = YES;
				IPHONEOS_DEPLOYMENT_TARGET = 10.3;
				MTL_ENABLE_DEBUG_INFO = NO;
				SDKROOT = iphoneos;
				SWIFT_OPTIMIZATION_LEVEL = "-Owholemodule";
				TARGETED_DEVICE_FAMILY = "1,2";
				VALIDATE_PRODUCT = YES;
			};
			name = Release;
		};
		80F3376A1EC14F4200986E9A /* Debug */ = {
			isa = XCBuildConfiguration;
			buildSettings = {
				ASSETCATALOG_COMPILER_APPICON_NAME = AppIcon;
				DEVELOPMENT_TEAM = 5TNCWX532Z;
				INFOPLIST_FILE = Recorder/Info.plist;
				LD_RUNPATH_SEARCH_PATHS = "$(inherited) @executable_path/Frameworks";
				PRODUCT_BUNDLE_IDENTIFIER = xyz.rincliu.Recorder;
				PRODUCT_NAME = "$(TARGET_NAME)";
				SWIFT_VERSION = 3.0;
			};
			name = Debug;
		};
		80F3376B1EC14F4200986E9A /* Release */ = {
			isa = XCBuildConfiguration;
			buildSettings = {
				ASSETCATALOG_COMPILER_APPICON_NAME = AppIcon;
				DEVELOPMENT_TEAM = 5TNCWX532Z;
				INFOPLIST_FILE = Recorder/Info.plist;
				LD_RUNPATH_SEARCH_PATHS = "$(inherited) @executable_path/Frameworks";
				PRODUCT_BUNDLE_IDENTIFIER = xyz.rincliu.Recorder;
				PRODUCT_NAME = "$(TARGET_NAME)";
				SWIFT_VERSION = 3.0;
			};
			name = Release;
		};
/* End XCBuildConfiguration section */

/* Begin XCConfigurationList section */
		80F337521EC14F4200986E9A /* Build configuration list for PBXProject "Recorder" */ = {
			isa = XCConfigurationList;
			buildConfigurations = (
				80F337671EC14F4200986E9A /* Debug */,
				80F337681EC14F4200986E9A /* Release */,
			);
			defaultConfigurationIsVisible = 0;
			defaultConfigurationName = Release;
		};
		80F337691EC14F4200986E9A /* Build configuration list for PBXNativeTarget "Recorder" */ = {
			isa = XCConfigurationList;
			buildConfigurations = (
				80F3376A1EC14F4200986E9A /* Debug */,
				80F3376B1EC14F4200986E9A /* Release */,
			);
			defaultConfigurationIsVisible = 0;
			defaultConfigurationName = Release;
		};
/* End XCConfigurationList section */
	};
	rootObject = 80F3374F1EC14F4200986E9A /* Project object */;
}
