// !$*UTF8*$!
{
	archiveVersion = 1;
	classes = {
	};
	objectVersion = 46;
	objects = {

/* Begin PBXBuildFile section */
		80CDE2641A2B46BA00D6F5E4 /* main.swift in Sources */ = {isa = PBXBuildFile; fileRef = 80CDE2631A2B46BA00D6F5E4 /* main.swift */; };
/* End PBXBuildFile section */

/* Begin PBXCopyFilesBuildPhase section */
		80CDE25E1A2B46BA00D6F5E4 /* CopyFiles */ = {
			isa = PBXCopyFilesBuildPhase;
			buildActionMask = 2147483647;
			dstPath = /usr/share/man/man1/;
			dstSubfolderSpec = 0;
			files = (
			);
			runOnlyForDeploymentPostprocessing = 1;
		};
/* End PBXCopyFilesBuildPhase section */

/* Begin PBXFileReference section */
		80CDE2601A2B46BA00D6F5E4 /* Function */ = {isa = PBXFileReference; explicitFileType = "compiled.mach-o.executable"; includeInIndex = 0; path = Function; sourceTree = BUILT_PRODUCTS_DIR; };
		80CDE2631A2B46BA00D6F5E4 /* main.swift */ = {isa = PBXFileReference; lastKnownFileType = sourcecode.swift; path = main.swift; sourceTree = "<group>"; };
/* End PBXFileReference section */

/* Begin PBXFrameworksBuildPhase section */
		80CDE25D1A2B46BA00D6F5E4 /* Frameworks */ = {
			isa = PBXFrameworksBuildPhase;
			buildActionMask = 2147483647;
			files = (
			);
			runOnlyForDeploymentPostprocessing = 0;
		};
/* End PBXFrameworksBuildPhase section */

/* Begin PBXGroup section */
		80CDE2571A2B46BA00D6F5E4 = {
			isa = PBXGroup;
			children = (
				80CDE2621A2B46BA00D6F5E4 /* Function */,
				80CDE2611A2B46BA00D6F5E4 /* Products */,
			);
			sourceTree = "<group>";
		};
		80CDE2611A2B46BA00D6F5E4 /* Products */ = {
			isa = PBXGroup;
			children = (
				80CDE2601A2B46BA00D6F5E4 /* Function */,
			);
			name = Products;
			sourceTree = "<group>";
		};
		80CDE2621A2B46BA00D6F5E4 /* Function */ = {
			isa = PBXGroup;
			children = (
				80CDE2631A2B46BA00D6F5E4 /* main.swift */,
			);
			path = Function;
			sourceTree = "<group>";
		};
/* End PBXGroup section */

/* Begin PBXNativeTarget section */
		80CDE25F1A2B46BA00D6F5E4 /* Function */ = {
			isa = PBXNativeTarget;
			buildConfigurationList = 80CDE2671A2B46BA00D6F5E4 /* Build configuration list for PBXNativeTarget "Function" */;
			buildPhases = (
				80CDE25C1A2B46BA00D6F5E4 /* Sources */,
				80CDE25D1A2B46BA00D6F5E4 /* Frameworks */,
				80CDE25E1A2B46BA00D6F5E4 /* CopyFiles */,
			);
			buildRules = (
			);
			dependencies = (
			);
			name = Function;
			productName = Function;
			productReference = 80CDE2601A2B46BA00D6F5E4 /* Function */;
			productType = "com.apple.product-type.tool";
		};
/* End PBXNativeTarget section */

/* Begin PBXProject section */
		80CDE2581A2B46BA00D6F5E4 /* Project object */ = {
			isa = PBXProject;
			attributes = {
				LastUpgradeCheck = 0610;
				ORGANIZATIONNAME = "Rinc Liu";
				TargetAttributes = {
					80CDE25F1A2B46BA00D6F5E4 = {
						CreatedOnToolsVersion = 6.1;
					};
				};
			};
			buildConfigurationList = 80CDE25B1A2B46BA00D6F5E4 /* Build configuration list for PBXProject "Function" */;
			compatibilityVersion = "Xcode 3.2";
			developmentRegion = English;
			hasScannedForEncodings = 0;
			knownRegions = (
				en,
			);
			mainGroup = 80CDE2571A2B46BA00D6F5E4;
			productRefGroup = 80CDE2611A2B46BA00D6F5E4 /* Products */;
			projectDirPath = "";
			projectRoot = "";
			targets = (
				80CDE25F1A2B46BA00D6F5E4 /* Function */,
			);
		};
/* End PBXProject section */

/* Begin PBXSourcesBuildPhase section */
		80CDE25C1A2B46BA00D6F5E4 /* Sources */ = {
			isa = PBXSourcesBuildPhase;
			buildActionMask = 2147483647;
			files = (
				80CDE2641A2B46BA00D6F5E4 /* main.swift in Sources */,
			);
			runOnlyForDeploymentPostprocessing = 0;
		};
/* End PBXSourcesBuildPhase section */

/* Begin XCBuildConfiguration section */
		80CDE2651A2B46BA00D6F5E4 /* Debug */ = {
			isa = XCBuildConfiguration;
			buildSettings = {
				ALWAYS_SEARCH_USER_PATHS = NO;
				CLANG_CXX_LANGUAGE_STANDARD = "gnu++0x";
				CLANG_CXX_LIBRARY = "libc++";
				CLANG_ENABLE_MODULES = YES;
				CLANG_ENABLE_OBJC_ARC = YES;
				CLANG_WARN_BOOL_CONVERSION = YES;
				CLANG_WARN_CONSTANT_CONVERSION = YES;
				CLANG_WARN_DIRECT_OBJC_ISA_USAGE = YES_ERROR;
				CLANG_WARN_EMPTY_BODY = YES;
				CLANG_WARN_ENUM_CONVERSION = YES;
				CLANG_WARN_INT_CONVERSION = YES;
				CLANG_WARN_OBJC_ROOT_CLASS = YES_ERROR;
				CLANG_WARN_UNREACHABLE_CODE = YES;
				CLANG_WARN__DUPLICATE_METHOD_MATCH = YES;
				COPY_PHASE_STRIP = NO;
				ENABLE_STRICT_OBJC_MSGSEND = YES;
				GCC_C_LANGUAGE_STANDARD = gnu99;
				GCC_DYNAMIC_NO_PIC = NO;
				GCC_OPTIMIZATION_LEVEL = 0;
				GCC_PREPROCESSOR_DEFINITIONS = (
					"DEBUG=1",
					"$(inherited)",
				);
				GCC_SYMBOLS_PRIVATE_EXTERN = NO;
				GCC_WARN_64_TO_32_BIT_CONVERSION = YES;
				GCC_WARN_ABOUT_RETURN_TYPE = YES_ERROR;
				GCC_WARN_UNDECLARED_SELECTOR = YES;
				GCC_WARN_UNINITIALIZED_AUTOS = YES_AGGRESSIVE;
				GCC_WARN_UNUSED_FUNCTION = YES;
				GCC_WARN_UNUSED_VARIABLE = YES;
				MACOSX_DEPLOYMENT_TARGET = 10.10;
				MTL_ENABLE_DEBUG_INFO = YES;
				ONLY_ACTIVE_ARCH = YES;
				SDKROOT = macosx;
				SWIFT_OPTIMIZATION_LEVEL = "-Onone";
			};
			name = Debug;
		};
		80CDE2661A2B46BA00D6F5E4 /* Release */ = {
			isa = XCBuildConfiguration;
			buildSettings = {
				ALWAYS_SEARCH_USER_PATHS = NO;
				CLANG_CXX_LANGUAGE_STANDARD = "gnu++0x";
				CLANG_CXX_LIBRARY = "libc++";
				CLANG_ENABLE_MODULES = YES;
				CLANG_ENABLE_OBJC_ARC = YES;
				CLANG_WARN_BOOL_CONVERSION = YES;
				CLANG_WARN_CONSTANT_CONVERSION = YES;
				CLANG_WARN_DIRECT_OBJC_ISA_USAGE = YES_ERROR;
				CLANG_WARN_EMPTY_BODY = YES;
				CLANG_WARN_ENUM_CONVERSION = YES;
				CLANG_WARN_INT_CONVERSION = YES;
				CLANG_WARN_OBJC_ROOT_CLASS = YES_ERROR;
				CLANG_WARN_UNREACHABLE_CODE = YES;
				CLANG_WARN__DUPLICATE_METHOD_MATCH = YES;
				COPY_PHASE_STRIP = YES;
				DEBUG_INFORMATION_FORMAT = "dwarf-with-dsym";
				ENABLE_NS_ASSERTIONS = NO;
				ENABLE_STRICT_OBJC_MSGSEND = YES;
				GCC_C_LANGUAGE_STANDARD = gnu99;
				GCC_WARN_64_TO_32_BIT_CONVERSION = YES;
				GCC_WARN_ABOUT_RETURN_TYPE = YES_ERROR;
				GCC_WARN_UNDECLARED_SELECTOR = YES;
				GCC_WARN_UNINITIALIZED_AUTOS = YES_AGGRESSIVE;
				GCC_WARN_UNUSED_FUNCTION = YES;
				GCC_WARN_UNUSED_VARIABLE = YES;
				MACOSX_DEPLOYMENT_TARGET = 10.10;
				MTL_ENABLE_DEBUG_INFO = NO;
				SDKROOT = macosx;
			};
			name = Release;
		};
		80CDE2681A2B46BA00D6F5E4 /* Debug */ = {
			isa = XCBuildConfiguration;
			buildSettings = {
				PRODUCT_NAME = "$(TARGET_NAME)";
			};
			name = Debug;
		};
		80CDE2691A2B46BA00D6F5E4 /* Release */ = {
			isa = XCBuildConfiguration;
			buildSettings = {
				PRODUCT_NAME = "$(TARGET_NAME)";
			};
			name = Release;
		};
/* End XCBuildConfiguration section */

/* Begin XCConfigurationList section */
		80CDE25B1A2B46BA00D6F5E4 /* Build configuration list for PBXProject "Function" */ = {
			isa = XCConfigurationList;
			buildConfigurations = (
				80CDE2651A2B46BA00D6F5E4 /* Debug */,
				80CDE2661A2B46BA00D6F5E4 /* Release */,
			);
			defaultConfigurationIsVisible = 0;
			defaultConfigurationName = Release;
		};
		80CDE2671A2B46BA00D6F5E4 /* Build configuration list for PBXNativeTarget "Function" */ = {
			isa = XCConfigurationList;
			buildConfigurations = (
				80CDE2681A2B46BA00D6F5E4 /* Debug */,
				80CDE2691A2B46BA00D6F5E4 /* Release */,
			);
			defaultConfigurationIsVisible = 0;
		};
/* End XCConfigurationList section */
	};
	rootObject = 80CDE2581A2B46BA00D6F5E4 /* Project object */;
}
