// !$*UTF8*$!
{
	archiveVersion = 1;
	classes = {
	};
	objectVersion = 46;
	objects = {

/* Begin PBXBuildFile section */
		808CAA801A2C84AB00E98C26 /* main.swift in Sources */ = {isa = PBXBuildFile; fileRef = 808CAA7F1A2C84AB00E98C26 /* main.swift */; };
/* End PBXBuildFile section */

/* Begin PBXCopyFilesBuildPhase section */
		808CAA7A1A2C84AB00E98C26 /* CopyFiles */ = {
			isa = PBXCopyFilesBuildPhase;
			buildActionMask = 2147483647;
			dstPath = /usr/share/man/man1/;
			dstSubfolderSpec = 0;
			files = (
			);
			runOnlyForDeploymentPostprocessing = 1;
		};
/* End PBXCopyFilesBuildPhase section */

/* Begin PBXFileReference section */
		808CAA7C1A2C84AB00E98C26 /* Closure */ = {isa = PBXFileReference; explicitFileType = "compiled.mach-o.executable"; includeInIndex = 0; path = Closure; sourceTree = BUILT_PRODUCTS_DIR; };
		808CAA7F1A2C84AB00E98C26 /* main.swift */ = {isa = PBXFileReference; lastKnownFileType = sourcecode.swift; path = main.swift; sourceTree = "<group>"; };
/* End PBXFileReference section */

/* Begin PBXFrameworksBuildPhase section */
		808CAA791A2C84AB00E98C26 /* Frameworks */ = {
			isa = PBXFrameworksBuildPhase;
			buildActionMask = 2147483647;
			files = (
			);
			runOnlyForDeploymentPostprocessing = 0;
		};
/* End PBXFrameworksBuildPhase section */

/* Begin PBXGroup section */
		808CAA731A2C84AB00E98C26 = {
			isa = PBXGroup;
			children = (
				808CAA7E1A2C84AB00E98C26 /* Closure */,
				808CAA7D1A2C84AB00E98C26 /* Products */,
			);
			sourceTree = "<group>";
		};
		808CAA7D1A2C84AB00E98C26 /* Products */ = {
			isa = PBXGroup;
			children = (
				808CAA7C1A2C84AB00E98C26 /* Closure */,
			);
			name = Products;
			sourceTree = "<group>";
		};
		808CAA7E1A2C84AB00E98C26 /* Closure */ = {
			isa = PBXGroup;
			children = (
				808CAA7F1A2C84AB00E98C26 /* main.swift */,
			);
			path = Closure;
			sourceTree = "<group>";
		};
/* End PBXGroup section */

/* Begin PBXNativeTarget section */
		808CAA7B1A2C84AB00E98C26 /* Closure */ = {
			isa = PBXNativeTarget;
			buildConfigurationList = 808CAA831A2C84AB00E98C26 /* Build configuration list for PBXNativeTarget "Closure" */;
			buildPhases = (
				808CAA781A2C84AB00E98C26 /* Sources */,
				808CAA791A2C84AB00E98C26 /* Frameworks */,
				808CAA7A1A2C84AB00E98C26 /* CopyFiles */,
			);
			buildRules = (
			);
			dependencies = (
			);
			name = Closure;
			productName = Closure;
			productReference = 808CAA7C1A2C84AB00E98C26 /* Closure */;
			productType = "com.apple.product-type.tool";
		};
/* End PBXNativeTarget section */

/* Begin PBXProject section */
		808CAA741A2C84AB00E98C26 /* Project object */ = {
			isa = PBXProject;
			attributes = {
				LastUpgradeCheck = 0610;
				ORGANIZATIONNAME = "Rinc Liu";
				TargetAttributes = {
					808CAA7B1A2C84AB00E98C26 = {
						CreatedOnToolsVersion = 6.1;
					};
				};
			};
			buildConfigurationList = 808CAA771A2C84AB00E98C26 /* Build configuration list for PBXProject "Closure" */;
			compatibilityVersion = "Xcode 3.2";
			developmentRegion = English;
			hasScannedForEncodings = 0;
			knownRegions = (
				en,
			);
			mainGroup = 808CAA731A2C84AB00E98C26;
			productRefGroup = 808CAA7D1A2C84AB00E98C26 /* Products */;
			projectDirPath = "";
			projectRoot = "";
			targets = (
				808CAA7B1A2C84AB00E98C26 /* Closure */,
			);
		};
/* End PBXProject section */

/* Begin PBXSourcesBuildPhase section */
		808CAA781A2C84AB00E98C26 /* Sources */ = {
			isa = PBXSourcesBuildPhase;
			buildActionMask = 2147483647;
			files = (
				808CAA801A2C84AB00E98C26 /* main.swift in Sources */,
			);
			runOnlyForDeploymentPostprocessing = 0;
		};
/* End PBXSourcesBuildPhase section */

/* Begin XCBuildConfiguration section */
		808CAA811A2C84AB00E98C26 /* Debug */ = {
			isa = XCBuildConfiguration;
			buildSettings = {
				ALWAYS_SEARCH_USER_PATHS = NO;
				CLANG_CXX_LANGUAGE_STANDARD = "gnu++0x";
				CLANG_CXX_LIBRARY = "libc++";
				CLANG_ENABLE_MODULES = YES;
				CLANG_ENABLE_OBJC_ARC = YES;
				CLANG_WARN_BOOL_CONVERSION = YES;
				CLANG_WARN_CONSTANT_CONVERSION = YES;
				CLANG_WARN_DIRECT_OBJC_ISA_USAGE = YES_ERROR;
				CLANG_WARN_EMPTY_BODY = YES;
				CLANG_WARN_ENUM_CONVERSION = YES;
				CLANG_WARN_INT_CONVERSION = YES;
				CLANG_WARN_OBJC_ROOT_CLASS = YES_ERROR;
				CLANG_WARN_UNREACHABLE_CODE = YES;
				CLANG_WARN__DUPLICATE_METHOD_MATCH = YES;
				COPY_PHASE_STRIP = NO;
				ENABLE_STRICT_OBJC_MSGSEND = YES;
				GCC_C_LANGUAGE_STANDARD = gnu99;
				GCC_DYNAMIC_NO_PIC = NO;
				GCC_OPTIMIZATION_LEVEL = 0;
				GCC_PREPROCESSOR_DEFINITIONS = (
					"DEBUG=1",
					"$(inherited)",
				);
				GCC_SYMBOLS_PRIVATE_EXTERN = NO;
				GCC_WARN_64_TO_32_BIT_CONVERSION = YES;
				GCC_WARN_ABOUT_RETURN_TYPE = YES_ERROR;
				GCC_WARN_UNDECLARED_SELECTOR = YES;
				GCC_WARN_UNINITIALIZED_AUTOS = YES_AGGRESSIVE;
				GCC_WARN_UNUSED_FUNCTION = YES;
				GCC_WARN_UNUSED_VARIABLE = YES;
				MACOSX_DEPLOYMENT_TARGET = 10.10;
				MTL_ENABLE_DEBUG_INFO = YES;
				ONLY_ACTIVE_ARCH = YES;
				SDKROOT = macosx;
				SWIFT_OPTIMIZATION_LEVEL = "-Onone";
			};
			name = Debug;
		};
		808CAA821A2C84AB00E98C26 /* Release */ = {
			isa = XCBuildConfiguration;
			buildSettings = {
				ALWAYS_SEARCH_USER_PATHS = NO;
				CLANG_CXX_LANGUAGE_STANDARD = "gnu++0x";
				CLANG_CXX_LIBRARY = "libc++";
				CLANG_ENABLE_MODULES = YES;
				CLANG_ENABLE_OBJC_ARC = YES;
				CLANG_WARN_BOOL_CONVERSION = YES;
				CLANG_WARN_CONSTANT_CONVERSION = YES;
				CLANG_WARN_DIRECT_OBJC_ISA_USAGE = YES_ERROR;
				CLANG_WARN_EMPTY_BODY = YES;
				CLANG_WARN_ENUM_CONVERSION = YES;
				CLANG_WARN_INT_CONVERSION = YES;
				CLANG_WARN_OBJC_ROOT_CLASS = YES_ERROR;
				CLANG_WARN_UNREACHABLE_CODE = YES;
				CLANG_WARN__DUPLICATE_METHOD_MATCH = YES;
				COPY_PHASE_STRIP = YES;
				DEBUG_INFORMATION_FORMAT = "dwarf-with-dsym";
				ENABLE_NS_ASSERTIONS = NO;
				ENABLE_STRICT_OBJC_MSGSEND = YES;
				GCC_C_LANGUAGE_STANDARD = gnu99;
				GCC_WARN_64_TO_32_BIT_CONVERSION = YES;
				GCC_WARN_ABOUT_RETURN_TYPE = YES_ERROR;
				GCC_WARN_UNDECLARED_SELECTOR = YES;
				GCC_WARN_UNINITIALIZED_AUTOS = YES_AGGRESSIVE;
				GCC_WARN_UNUSED_FUNCTION = YES;
				GCC_WARN_UNUSED_VARIABLE = YES;
				MACOSX_DEPLOYMENT_TARGET = 10.10;
				MTL_ENABLE_DEBUG_INFO = NO;
				SDKROOT = macosx;
			};
			name = Release;
		};
		808CAA841A2C84AB00E98C26 /* Debug */ = {
			isa = XCBuildConfiguration;
			buildSettings = {
				PRODUCT_NAME = "$(TARGET_NAME)";
			};
			name = Debug;
		};
		808CAA851A2C84AB00E98C26 /* Release */ = {
			isa = XCBuildConfiguration;
			buildSettings = {
				PRODUCT_NAME = "$(TARGET_NAME)";
			};
			name = Release;
		};
/* End XCBuildConfiguration section */

/* Begin XCConfigurationList section */
		808CAA771A2C84AB00E98C26 /* Build configuration list for PBXProject "Closure" */ = {
			isa = XCConfigurationList;
			buildConfigurations = (
				808CAA811A2C84AB00E98C26 /* Debug */,
				808CAA821A2C84AB00E98C26 /* Release */,
			);
			defaultConfigurationIsVisible = 0;
			defaultConfigurationName = Release;
		};
		808CAA831A2C84AB00E98C26 /* Build configuration list for PBXNativeTarget "Closure" */ = {
			isa = XCConfigurationList;
			buildConfigurations = (
				808CAA841A2C84AB00E98C26 /* Debug */,
				808CAA851A2C84AB00E98C26 /* Release */,
			);
			defaultConfigurationIsVisible = 0;
		};
/* End XCConfigurationList section */
	};
	rootObject = 808CAA741A2C84AB00E98C26 /* Project object */;
}
