// !$*UTF8*$!
{
	archiveVersion = 1;
	classes = {
	};
	objectVersion = 46;
	objects = {

/* Begin PBXBuildFile section */
		802BC4311A39E1CA00ADB3F1 /* main.swift in Sources */ = {isa = PBXBuildFile; fileRef = 802BC4301A39E1CA00ADB3F1 /* main.swift */; };
/* End PBXBuildFile section */

/* Begin PBXCopyFilesBuildPhase section */
		802BC42B1A39E1CA00ADB3F1 /* CopyFiles */ = {
			isa = PBXCopyFilesBuildPhase;
			buildActionMask = 2147483647;
			dstPath = /usr/share/man/man1/;
			dstSubfolderSpec = 0;
			files = (
			);
			runOnlyForDeploymentPostprocessing = 1;
		};
/* End PBXCopyFilesBuildPhase section */

/* Begin PBXFileReference section */
		802BC42D1A39E1CA00ADB3F1 /* ClassBase */ = {isa = PBXFileReference; explicitFileType = "compiled.mach-o.executable"; includeInIndex = 0; path = ClassBase; sourceTree = BUILT_PRODUCTS_DIR; };
		802BC4301A39E1CA00ADB3F1 /* main.swift */ = {isa = PBXFileReference; lastKnownFileType = sourcecode.swift; path = main.swift; sourceTree = "<group>"; };
/* End PBXFileReference section */

/* Begin PBXFrameworksBuildPhase section */
		802BC42A1A39E1CA00ADB3F1 /* Frameworks */ = {
			isa = PBXFrameworksBuildPhase;
			buildActionMask = 2147483647;
			files = (
			);
			runOnlyForDeploymentPostprocessing = 0;
		};
/* End PBXFrameworksBuildPhase section */

/* Begin PBXGroup section */
		802BC4241A39E1CA00ADB3F1 = {
			isa = PBXGroup;
			children = (
				802BC42F1A39E1CA00ADB3F1 /* ClassBase */,
				802BC42E1A39E1CA00ADB3F1 /* Products */,
			);
			sourceTree = "<group>";
		};
		802BC42E1A39E1CA00ADB3F1 /* Products */ = {
			isa = PBXGroup;
			children = (
				802BC42D1A39E1CA00ADB3F1 /* ClassBase */,
			);
			name = Products;
			sourceTree = "<group>";
		};
		802BC42F1A39E1CA00ADB3F1 /* ClassBase */ = {
			isa = PBXGroup;
			children = (
				802BC4301A39E1CA00ADB3F1 /* main.swift */,
			);
			path = ClassBase;
			sourceTree = "<group>";
		};
/* End PBXGroup section */

/* Begin PBXNativeTarget section */
		802BC42C1A39E1CA00ADB3F1 /* ClassBase */ = {
			isa = PBXNativeTarget;
			buildConfigurationList = 802BC4341A39E1CA00ADB3F1 /* Build configuration list for PBXNativeTarget "ClassBase" */;
			buildPhases = (
				802BC4291A39E1CA00ADB3F1 /* Sources */,
				802BC42A1A39E1CA00ADB3F1 /* Frameworks */,
				802BC42B1A39E1CA00ADB3F1 /* CopyFiles */,
			);
			buildRules = (
			);
			dependencies = (
			);
			name = ClassBase;
			productName = ClassBase;
			productReference = 802BC42D1A39E1CA00ADB3F1 /* ClassBase */;
			productType = "com.apple.product-type.tool";
		};
/* End PBXNativeTarget section */

/* Begin PBXProject section */
		802BC4251A39E1CA00ADB3F1 /* Project object */ = {
			isa = PBXProject;
			attributes = {
				LastUpgradeCheck = 0610;
				ORGANIZATIONNAME = "Rinc Liu";
				TargetAttributes = {
					802BC42C1A39E1CA00ADB3F1 = {
						CreatedOnToolsVersion = 6.1.1;
					};
				};
			};
			buildConfigurationList = 802BC4281A39E1CA00ADB3F1 /* Build configuration list for PBXProject "ClassBase" */;
			compatibilityVersion = "Xcode 3.2";
			developmentRegion = English;
			hasScannedForEncodings = 0;
			knownRegions = (
				en,
			);
			mainGroup = 802BC4241A39E1CA00ADB3F1;
			productRefGroup = 802BC42E1A39E1CA00ADB3F1 /* Products */;
			projectDirPath = "";
			projectRoot = "";
			targets = (
				802BC42C1A39E1CA00ADB3F1 /* ClassBase */,
			);
		};
/* End PBXProject section */

/* Begin PBXSourcesBuildPhase section */
		802BC4291A39E1CA00ADB3F1 /* Sources */ = {
			isa = PBXSourcesBuildPhase;
			buildActionMask = 2147483647;
			files = (
				802BC4311A39E1CA00ADB3F1 /* main.swift in Sources */,
			);
			runOnlyForDeploymentPostprocessing = 0;
		};
/* End PBXSourcesBuildPhase section */

/* Begin XCBuildConfiguration section */
		802BC4321A39E1CA00ADB3F1 /* Debug */ = {
			isa = XCBuildConfiguration;
			buildSettings = {
				ALWAYS_SEARCH_USER_PATHS = NO;
				CLANG_CXX_LANGUAGE_STANDARD = "gnu++0x";
				CLANG_CXX_LIBRARY = "libc++";
				CLANG_ENABLE_MODULES = YES;
				CLANG_ENABLE_OBJC_ARC = YES;
				CLANG_WARN_BOOL_CONVERSION = YES;
				CLANG_WARN_CONSTANT_CONVERSION = YES;
				CLANG_WARN_DIRECT_OBJC_ISA_USAGE = YES_ERROR;
				CLANG_WARN_EMPTY_BODY = YES;
				CLANG_WARN_ENUM_CONVERSION = YES;
				CLANG_WARN_INT_CONVERSION = YES;
				CLANG_WARN_OBJC_ROOT_CLASS = YES_ERROR;
				CLANG_WARN_UNREACHABLE_CODE = YES;
				CLANG_WARN__DUPLICATE_METHOD_MATCH = YES;
				COPY_PHASE_STRIP = NO;
				ENABLE_STRICT_OBJC_MSGSEND = YES;
				GCC_C_LANGUAGE_STANDARD = gnu99;
				GCC_DYNAMIC_NO_PIC = NO;
				GCC_OPTIMIZATION_LEVEL = 0;
				GCC_PREPROCESSOR_DEFINITIONS = (
					"DEBUG=1",
					"$(inherited)",
				);
				GCC_SYMBOLS_PRIVATE_EXTERN = NO;
				GCC_WARN_64_TO_32_BIT_CONVERSION = YES;
				GCC_WARN_ABOUT_RETURN_TYPE = YES_ERROR;
				GCC_WARN_UNDECLARED_SELECTOR = YES;
				GCC_WARN_UNINITIALIZED_AUTOS = YES_AGGRESSIVE;
				GCC_WARN_UNUSED_FUNCTION = YES;
				GCC_WARN_UNUSED_VARIABLE = YES;
				MACOSX_DEPLOYMENT_TARGET = 10.10;
				MTL_ENABLE_DEBUG_INFO = YES;
				ONLY_ACTIVE_ARCH = YES;
				SDKROOT = macosx;
				SWIFT_OPTIMIZATION_LEVEL = "-Onone";
			};
			name = Debug;
		};
		802BC4331A39E1CA00ADB3F1 /* Release */ = {
			isa = XCBuildConfiguration;
			buildSettings = {
				ALWAYS_SEARCH_USER_PATHS = NO;
				CLANG_CXX_LANGUAGE_STANDARD = "gnu++0x";
				CLANG_CXX_LIBRARY = "libc++";
				CLANG_ENABLE_MODULES = YES;
				CLANG_ENABLE_OBJC_ARC = YES;
				CLANG_WARN_BOOL_CONVERSION = YES;
				CLANG_WARN_CONSTANT_CONVERSION = YES;
				CLANG_WARN_DIRECT_OBJC_ISA_USAGE = YES_ERROR;
				CLANG_WARN_EMPTY_BODY = YES;
				CLANG_WARN_ENUM_CONVERSION = YES;
				CLANG_WARN_INT_CONVERSION = YES;
				CLANG_WARN_OBJC_ROOT_CLASS = YES_ERROR;
				CLANG_WARN_UNREACHABLE_CODE = YES;
				CLANG_WARN__DUPLICATE_METHOD_MATCH = YES;
				COPY_PHASE_STRIP = YES;
				DEBUG_INFORMATION_FORMAT = "dwarf-with-dsym";
				ENABLE_NS_ASSERTIONS = NO;
				ENABLE_STRICT_OBJC_MSGSEND = YES;
				GCC_C_LANGUAGE_STANDARD = gnu99;
				GCC_WARN_64_TO_32_BIT_CONVERSION = YES;
				GCC_WARN_ABOUT_RETURN_TYPE = YES_ERROR;
				GCC_WARN_UNDECLARED_SELECTOR = YES;
				GCC_WARN_UNINITIALIZED_AUTOS = YES_AGGRESSIVE;
				GCC_WARN_UNUSED_FUNCTION = YES;
				GCC_WARN_UNUSED_VARIABLE = YES;
				MACOSX_DEPLOYMENT_TARGET = 10.10;
				MTL_ENABLE_DEBUG_INFO = NO;
				SDKROOT = macosx;
			};
			name = Release;
		};
		802BC4351A39E1CA00ADB3F1 /* Debug */ = {
			isa = XCBuildConfiguration;
			buildSettings = {
				PRODUCT_NAME = "$(TARGET_NAME)";
			};
			name = Debug;
		};
		802BC4361A39E1CA00ADB3F1 /* Release */ = {
			isa = XCBuildConfiguration;
			buildSettings = {
				PRODUCT_NAME = "$(TARGET_NAME)";
			};
			name = Release;
		};
/* End XCBuildConfiguration section */

/* Begin XCConfigurationList section */
		802BC4281A39E1CA00ADB3F1 /* Build configuration list for PBXProject "ClassBase" */ = {
			isa = XCConfigurationList;
			buildConfigurations = (
				802BC4321A39E1CA00ADB3F1 /* Debug */,
				802BC4331A39E1CA00ADB3F1 /* Release */,
			);
			defaultConfigurationIsVisible = 0;
			defaultConfigurationName = Release;
		};
		802BC4341A39E1CA00ADB3F1 /* Build configuration list for PBXNativeTarget "ClassBase" */ = {
			isa = XCConfigurationList;
			buildConfigurations = (
				802BC4351A39E1CA00ADB3F1 /* Debug */,
				802BC4361A39E1CA00ADB3F1 /* Release */,
			);
			defaultConfigurationIsVisible = 0;
		};
/* End XCConfigurationList section */
	};
	rootObject = 802BC4251A39E1CA00ADB3F1 /* Project object */;
}
